{
  "version": 1,
  "dependencies": {
    "net10.0-windows10.0.19041": {
      "McMaster.Extensions.CommandLineUtils": {
        "type": "Direct",
        "requested": "[5.1.0, )",
        "resolved": "5.1.0",
        "contentHash": "YceiKmxdsBrlkAJpmJ2N8XkLyAH01xLsm4VLfjNp5MvtAom2wflZtEBz3CLMQret6Z7jSh3oBO1ULF1Is0tNxA=="
      },
      "Microsoft.NET.ILLink.Tasks": {
        "type": "Direct",
        "requested": "[10.0.11, )",
        "resolved": "10.0.11",
        "contentHash": "IBf7lbovvjGWVWXZX5cJ/cO0WXbId0Zq4BuSeT94mGZuOAP66oMeH9PTBZ9Jpp3Jb6jtK0qm/NyUbPRo1gC/wQ=="
      },
      "TaskScheduler": {
        "type": "Direct",
        "requested": "[2.12.2, )",
        "resolved": "2.12.2",
        "contentHash": "glpAb3VrwfdAofp6PIyAzL0ZeTV7XUJ8muu0oZoTeyU5jtk2sMJ6QAMRRuFbovcaj+SBJiEUGklxIWOqQoxshA=="
      },
      "Workshell.PE.Resources": {
        "type": "Direct",
        "requested": "[4.0.0.147, )",
        "resolved": "4.0.0.147",
        "contentHash": "ZX8AusOHS5MeLrfLar2kHE6QqCyF/XRkkuPczfhoIGo0geI9DHqwyu303rw+Q+gaoBcdi7GkwB+v6QRUvIzdgA==",
        "dependencies": {
          "Workshell.PE": "4.0.0.147"
        }
      },
      "Workshell.PE": {
        "type": "Transitive",
        "resolved": "4.0.0.147",
        "contentHash": "iDvqFHgx9j4jlfRQEMk6VM5kf3AKVim7ZVveap96hxYh5ppRTY83f4ByNdvTHS9Jw3t6h2KPK8ZtRW7rinna1g=="
      }
    },
    "net10.0-windows10.0.19041/win-arm64": {},
    "net10.0-windows10.0.19041/win-x64": {}
  }
}